
Microsoft Visual Studio Solution File, Format Version 12.00
# Visual Studio Version 17
VisualStudioVersion = 17.1.32228.430
MinimumVisualStudioVersion = 10.0.40219.1
Project("{FAE04EC0-301F-11D3-BF4B-00C04F79EFBC}") = "Historial de Parchis", "Historial de Parchis\Historial de Parchis.csproj", "{33019C9F-176C-4EFF-81BF-92292E452995}"
EndProject
Global
	GlobalSection(SolutionConfigurationPlatforms) = preSolution
		Debug|Any CPU = Debug|Any CPU
		Release|Any CPU = Release|Any CPU
	EndGlobalSection
	GlobalSection(ProjectConfigurationPlatforms) = postSolution
		{33019C9F-176C-4EFF-81BF-92292E452995}.Debug|Any CPU.ActiveCfg = Debug|Any CPU
		{33019C9F-176C-4EFF-81BF-92292E452995}.Debug|Any CPU.Build.0 = Debug|Any CPU
		{33019C9F-176C-4EFF-81BF-92292E452995}.Release|Any CPU.ActiveCfg = Release|Any CPU
		{33019C9F-176C-4EFF-81BF-92292E452995}.Release|Any CPU.Build.0 = Release|Any CPU
	EndGlobalSection
	GlobalSection(SolutionProperties) = preSolution
		HideSolutionNode = FALSE
	EndGlobalSection
	GlobalSection(ExtensibilityGlobals) = postSolution
		SolutionGuid = {DDA68AC1-54FC-43EC-B390-30370F0F763F}
	EndGlobalSection
EndGlobal
